
Microsoft Visual Studio Solution File, Format Version 12.00
# Visual Studio Version 17
VisualStudioVersion = 17.9.34728.123
MinimumVisualStudioVersion = 10.0.40219.1
Project("{FAE04EC0-301F-11D3-BF4B-00C04F79EFBC}") = "DLMPPData", "DLMPPData\DLMPPData.csproj", "{7E73FAF6-4D7B-4344-AA98-B1CFAED42261}"
EndProject
Global
	GlobalSection(SolutionConfigurationPlatforms) = preSolution
		Debug|Any CPU = Debug|Any CPU
		Debug|x64 = Debug|x64
		Release|Any CPU = Release|Any CPU
		Release|x64 = Release|x64
	EndGlobalSection
	GlobalSection(ProjectConfigurationPlatforms) = postSolution
		{7E73FAF6-4D7B-4344-AA98-B1CFAED42261}.Debug|Any CPU.ActiveCfg = Debug|Any CPU
		{7E73FAF6-4D7B-4344-AA98-B1CFAED42261}.Debug|Any CPU.Build.0 = Debug|Any CPU
		{7E73FAF6-4D7B-4344-AA98-B1CFAED42261}.Debug|x64.ActiveCfg = Debug|x64
		{7E73FAF6-4D7B-4344-AA98-B1CFAED42261}.Debug|x64.Build.0 = Debug|x64
		{7E73FAF6-4D7B-4344-AA98-B1CFAED42261}.Release|Any CPU.ActiveCfg = Release|Any CPU
		{7E73FAF6-4D7B-4344-AA98-B1CFAED42261}.Release|Any CPU.Build.0 = Release|Any CPU
		{7E73FAF6-4D7B-4344-AA98-B1CFAED42261}.Release|x64.ActiveCfg = Release|x64
		{7E73FAF6-4D7B-4344-AA98-B1CFAED42261}.Release|x64.Build.0 = Release|x64
	EndGlobalSection
	GlobalSection(SolutionProperties) = preSolution
		HideSolutionNode = FALSE
	EndGlobalSection
	GlobalSection(ExtensibilityGlobals) = postSolution
		SolutionGuid = {E59A4124-8C9A-4D0F-9A2A-D2AEB7FA68F4}
	EndGlobalSection
EndGlobal
